
Microsoft Visual Studio Solution File, Format Version 12.00
Project("{FAE04EC0-301F-11D3-BF4B-00C04F79EFBC}") = "HLStudios.GhostAPI", "HLStudios.GhostAPI\HLStudios.GhostAPI.csproj", "{F2B23B93-F439-4E18-9E02-925CF5AE7579}"
EndProject
Project("{FAE04EC0-301F-11D3-BF4B-00C04F79EFBC}") = "TestApplication", "TestApplication\TestApplication.csproj", "{3DFA7321-1717-4744-BC0C-B67F16E9219B}"
EndProject
Global
	GlobalSection(SolutionConfigurationPlatforms) = preSolution
		Debug|Any CPU = Debug|Any CPU
		Release|Any CPU = Release|Any CPU
	EndGlobalSection
	GlobalSection(ProjectConfigurationPlatforms) = postSolution
		{F2B23B93-F439-4E18-9E02-925CF5AE7579}.Debug|Any CPU.ActiveCfg = Debug|Any CPU
		{F2B23B93-F439-4E18-9E02-925CF5AE7579}.Debug|Any CPU.Build.0 = Debug|Any CPU
		{F2B23B93-F439-4E18-9E02-925CF5AE7579}.Release|Any CPU.ActiveCfg = Release|Any CPU
		{F2B23B93-F439-4E18-9E02-925CF5AE7579}.Release|Any CPU.Build.0 = Release|Any CPU
		{3DFA7321-1717-4744-BC0C-B67F16E9219B}.Debug|Any CPU.ActiveCfg = Debug|Any CPU
		{3DFA7321-1717-4744-BC0C-B67F16E9219B}.Debug|Any CPU.Build.0 = Debug|Any CPU
		{3DFA7321-1717-4744-BC0C-B67F16E9219B}.Release|Any CPU.ActiveCfg = Release|Any CPU
		{3DFA7321-1717-4744-BC0C-B67F16E9219B}.Release|Any CPU.Build.0 = Release|Any CPU
	EndGlobalSection
EndGlobal
